
Microsoft Visual Studio Solution File, Format Version 12.00
# Visual Studio 15
VisualStudioVersion = 15.0.28307.168
MinimumVisualStudioVersion = 10.0.40219.1
Project("{FAE04EC0-301F-11D3-BF4B-00C04F79EFBC}") = "DoAnWeb", "DoAnWeb\DoAnWeb.csproj", "{C2B267B8-3E69-4F44-9D39-A62F8A5222E6}"
EndProject
Project("{FAE04EC0-301F-11D3-BF4B-00C04F79EFBC}") = "UnitTestDoAnGiuaKy", "UnitTestDoAnGiuaKy\UnitTestDoAnGiuaKy.csproj", "{78BD52D7-8F5D-4303-8407-D11DEF379891}"
EndProject
Global
	GlobalSection(SolutionConfigurationPlatforms) = preSolution
		Debug|Any CPU = Debug|Any CPU
		Release|Any CPU = Release|Any CPU
	EndGlobalSection
	GlobalSection(ProjectConfigurationPlatforms) = postSolution
		{C2B267B8-3E69-4F44-9D39-A62F8A5222E6}.Debug|Any CPU.ActiveCfg = Debug|Any CPU
		{C2B267B8-3E69-4F44-9D39-A62F8A5222E6}.Debug|Any CPU.Build.0 = Debug|Any CPU
		{C2B267B8-3E69-4F44-9D39-A62F8A5222E6}.Release|Any CPU.ActiveCfg = Release|Any CPU
		{C2B267B8-3E69-4F44-9D39-A62F8A5222E6}.Release|Any CPU.Build.0 = Release|Any CPU
		{78BD52D7-8F5D-4303-8407-D11DEF379891}.Debug|Any CPU.ActiveCfg = Debug|Any CPU
		{78BD52D7-8F5D-4303-8407-D11DEF379891}.Debug|Any CPU.Build.0 = Debug|Any CPU
		{78BD52D7-8F5D-4303-8407-D11DEF379891}.Release|Any CPU.ActiveCfg = Release|Any CPU
		{78BD52D7-8F5D-4303-8407-D11DEF379891}.Release|Any CPU.Build.0 = Release|Any CPU
	EndGlobalSection
	GlobalSection(SolutionProperties) = preSolution
		HideSolutionNode = FALSE
	EndGlobalSection
	GlobalSection(ExtensibilityGlobals) = postSolution
		SolutionGuid = {9F5F1798-89F0-4153-BD2F-8CDF302C3C43}
	EndGlobalSection
EndGlobal
